PODS:
  - DropDown (2.3.13)
  - KZAlertView (1.4.0):
    - SnapKit
  - SnapKit (4.2.0)

DEPENDENCIES:
  - DropDown
  - KZAlertView (from `../`)

SPEC REPOS:
  trunk:
    - DropDown
    - SnapKit

EXTERNAL SOURCES:
  KZAlertView:
    :path: "../"

SPEC CHECKSUMS:
  DropDown: 8a2116376c1981888557f72ec2ffc9a5e0e456ec
  KZAlertView: 69a23f025b72dd723b1fb3227c0b371080e21cac
  SnapKit: fe8a619752f3f27075cc9a90244d75c6c3f27e2a

PODFILE CHECKSUM: e121c656319b29a38acf0dbeab6cf17457420e10

COCOAPODS: 1.9.3
